
Microsoft Visual Studio Solution File, Format Version 12.00
# Visual Studio Version 17
VisualStudioVersion = 17.1.32210.238
MinimumVisualStudioVersion = 10.0.40219.1
Project("{9A19103F-16F7-4668-BE54-9A1E7A4F7556}") = "Server", "src\Server\Server.csproj", "{5801E3B3-89D3-46F0-BDB7-7A6EB4DF8C51}"
EndProject
Project("{2150E333-8FDC-42A3-9474-1A3956D46DE8}") = "src", "src", "{428EC208-1529-4649-B348-B7E908F15906}"
EndProject
Project("{2150E333-8FDC-42A3-9474-1A3956D46DE8}") = "test", "test", "{F246A6D4-C3C8-4258-A9E7-BBAFE279F3BD}"
EndProject
Project("{9A19103F-16F7-4668-BE54-9A1E7A4F7556}") = "Server.Unit.Tests", "test\Server.Unit.Tests\Server.Unit.Tests.csproj", "{B375912F-AB3A-4082-8826-08FC0AC526B7}"
EndProject
Project("{2150E333-8FDC-42A3-9474-1A3956D46DE8}") = "postman", "postman", "{A5EB2CE9-96F4-4747-8406-1A388EDE46B7}"
	ProjectSection(SolutionItems) = preProject
		postman\IdentityProvider.postman_collection.json = postman\IdentityProvider.postman_collection.json
	EndProjectSection
EndProject
Project("{9A19103F-16F7-4668-BE54-9A1E7A4F7556}") = "Client", "src\Client\Client.csproj", "{B9E8864B-7681-4370-B84C-C0819D1C8FEA}"
EndProject
Project("{FAE04EC0-301F-11D3-BF4B-00C04F79EFBC}") = "Common", "src\Common\Common.csproj", "{6AA063B4-F55A-46BA-86A6-F3B9F4B2FBAB}"
EndProject
Global
	GlobalSection(SolutionConfigurationPlatforms) = preSolution
		Debug|Any CPU = Debug|Any CPU
		Release|Any CPU = Release|Any CPU
	EndGlobalSection
	GlobalSection(ProjectConfigurationPlatforms) = postSolution
		{5801E3B3-89D3-46F0-BDB7-7A6EB4DF8C51}.Debug|Any CPU.ActiveCfg = Debug|Any CPU
		{5801E3B3-89D3-46F0-BDB7-7A6EB4DF8C51}.Debug|Any CPU.Build.0 = Debug|Any CPU
		{5801E3B3-89D3-46F0-BDB7-7A6EB4DF8C51}.Release|Any CPU.ActiveCfg = Release|Any CPU
		{5801E3B3-89D3-46F0-BDB7-7A6EB4DF8C51}.Release|Any CPU.Build.0 = Release|Any CPU
		{B375912F-AB3A-4082-8826-08FC0AC526B7}.Debug|Any CPU.ActiveCfg = Debug|Any CPU
		{B375912F-AB3A-4082-8826-08FC0AC526B7}.Debug|Any CPU.Build.0 = Debug|Any CPU
		{B375912F-AB3A-4082-8826-08FC0AC526B7}.Release|Any CPU.ActiveCfg = Release|Any CPU
		{B375912F-AB3A-4082-8826-08FC0AC526B7}.Release|Any CPU.Build.0 = Release|Any CPU
		{B9E8864B-7681-4370-B84C-C0819D1C8FEA}.Debug|Any CPU.ActiveCfg = Debug|Any CPU
		{B9E8864B-7681-4370-B84C-C0819D1C8FEA}.Debug|Any CPU.Build.0 = Debug|Any CPU
		{B9E8864B-7681-4370-B84C-C0819D1C8FEA}.Release|Any CPU.ActiveCfg = Release|Any CPU
		{B9E8864B-7681-4370-B84C-C0819D1C8FEA}.Release|Any CPU.Build.0 = Release|Any CPU
		{6AA063B4-F55A-46BA-86A6-F3B9F4B2FBAB}.Debug|Any CPU.ActiveCfg = Debug|Any CPU
		{6AA063B4-F55A-46BA-86A6-F3B9F4B2FBAB}.Debug|Any CPU.Build.0 = Debug|Any CPU
		{6AA063B4-F55A-46BA-86A6-F3B9F4B2FBAB}.Release|Any CPU.ActiveCfg = Release|Any CPU
		{6AA063B4-F55A-46BA-86A6-F3B9F4B2FBAB}.Release|Any CPU.Build.0 = Release|Any CPU
	EndGlobalSection
	GlobalSection(SolutionProperties) = preSolution
		HideSolutionNode = FALSE
	EndGlobalSection
	GlobalSection(NestedProjects) = preSolution
		{5801E3B3-89D3-46F0-BDB7-7A6EB4DF8C51} = {428EC208-1529-4649-B348-B7E908F15906}
		{B375912F-AB3A-4082-8826-08FC0AC526B7} = {F246A6D4-C3C8-4258-A9E7-BBAFE279F3BD}
		{B9E8864B-7681-4370-B84C-C0819D1C8FEA} = {428EC208-1529-4649-B348-B7E908F15906}
		{6AA063B4-F55A-46BA-86A6-F3B9F4B2FBAB} = {428EC208-1529-4649-B348-B7E908F15906}
	EndGlobalSection
	GlobalSection(ExtensibilityGlobals) = postSolution
		SolutionGuid = {31AF1EE7-FFF6-4930-85DA-A242367D99B1}
	EndGlobalSection
EndGlobal
